// !$*UTF8*$!
{
	archiveVersion = 1;
	classes = {
	};
	objectVersion = 45;
	objects = {

/* Begin PBXBuildFile section */
		1FB20E8B213E73C700F9F73E /* InfoPlist.strings in Resources */ = {isa = PBXBuildFile; fileRef = 8D5B49A704867FD3000E48DA /* InfoPlist.strings */; };
		1FB20E8D213E73C700F9F73E /* StepCounter.mm in Sources */ = {isa = PBXBuildFile; fileRef = 1FE2DA4D1BFDD766001EE409 /* StepCounter.mm */; };
		1FB20E8E213E73C700F9F73E /* ConversionWchar.cpp in Sources */ = {isa = PBXBuildFile; fileRef = 1FED365D1C0862920067695E /* ConversionWchar.cpp */; };
		1FB20E8F213E73C700F9F73E /* AddInNative.cpp in Sources */ = {isa = PBXBuildFile; fileRef = 1FE2DA4F1BFDD76C001EE409 /* AddInNative.cpp */; };
		1FB20E91213E73C700F9F73E /* CoreMotion.framework in Frameworks */ = {isa = PBXBuildFile; fileRef = 1FED32161BFE22D40067695E /* CoreMotion.framework */; };
		1FE2DA4E1BFDD766001EE409 /* StepCounter.mm in Sources */ = {isa = PBXBuildFile; fileRef = 1FE2DA4D1BFDD766001EE409 /* StepCounter.mm */; };
		1FE2DA501BFDD76C001EE409 /* AddInNative.cpp in Sources */ = {isa = PBXBuildFile; fileRef = 1FE2DA4F1BFDD76C001EE409 /* AddInNative.cpp */; };
		1FED32171BFE22D40067695E /* CoreMotion.framework in Frameworks */ = {isa = PBXBuildFile; fileRef = 1FED32161BFE22D40067695E /* CoreMotion.framework */; };
		1FED365F1C0862920067695E /* ConversionWchar.cpp in Sources */ = {isa = PBXBuildFile; fileRef = 1FED365D1C0862920067695E /* ConversionWchar.cpp */; };
		8D5B49A804867FD3000E48DA /* InfoPlist.strings in Resources */ = {isa = PBXBuildFile; fileRef = 8D5B49A704867FD3000E48DA /* InfoPlist.strings */; };
/* End PBXBuildFile section */

/* Begin PBXFileReference section */
		089C167EFE841241C02AAC07 /* English */ = {isa = PBXFileReference; fileEncoding = 4; lastKnownFileType = text.plist.strings; name = English; path = English.lproj/InfoPlist.strings; sourceTree = "<group>"; };
		1FB20E9B213E892900F9F73E /* com_1c_StepCounter_static.bundle */ = {isa = PBXFileReference; explicitFileType = wrapper.cfbundle; includeInIndex = 0; name = com_1c_StepCounter_static.bundle; path = "/Users/Stebelev/Documents/Developing/addin_trunk/example/NativeAPIMobile/iOS_Proj/build/Release-iphoneos/com_1c_StepCounter_static.bundle"; sourceTree = "<absolute>"; };
		1FB20E9D213E892900F9F73E /* com_1c_StepCounter_dynamic.bundle */ = {isa = PBXFileReference; explicitFileType = wrapper.cfbundle; includeInIndex = 0; name = com_1c_StepCounter_dynamic.bundle; path = "/Users/Stebelev/Documents/Developing/addin_trunk/example/NativeAPIMobile/iOS_Proj/build/Release-iphoneos/com_1c_StepCounter_dynamic.bundle"; sourceTree = "<absolute>"; };
		1FE2DA4C1BFDD766001EE409 /* StepCounter.h */ = {isa = PBXFileReference; fileEncoding = 4; lastKnownFileType = sourcecode.c.h; name = StepCounter.h; path = ../StepCounter.h; sourceTree = "<group>"; };
		1FE2DA4D1BFDD766001EE409 /* StepCounter.mm */ = {isa = PBXFileReference; fileEncoding = 4; lastKnownFileType = sourcecode.cpp.objcpp; name = StepCounter.mm; path = ../StepCounter.mm; sourceTree = "<group>"; };
		1FE2DA4F1BFDD76C001EE409 /* AddInNative.cpp */ = {isa = PBXFileReference; fileEncoding = 4; lastKnownFileType = sourcecode.cpp.cpp; name = AddInNative.cpp; path = ../AddInNative.cpp; sourceTree = "<group>"; };
		1FE2DA511BFDD771001EE409 /* AddInNative.h */ = {isa = PBXFileReference; fileEncoding = 4; lastKnownFileType = sourcecode.c.h; name = AddInNative.h; path = ../AddInNative.h; sourceTree = "<group>"; };
		1FED32161BFE22D40067695E /* CoreMotion.framework */ = {isa = PBXFileReference; lastKnownFileType = wrapper.framework; name = CoreMotion.framework; path = System/Library/Frameworks/CoreMotion.framework; sourceTree = SDKROOT; };
		1FED365D1C0862920067695E /* ConversionWchar.cpp */ = {isa = PBXFileReference; fileEncoding = 4; lastKnownFileType = sourcecode.cpp.cpp; name = ConversionWchar.cpp; path = ../ConversionWchar.cpp; sourceTree = "<group>"; };
		1FED365E1C0862920067695E /* ConversionWchar.h */ = {isa = PBXFileReference; fileEncoding = 4; lastKnownFileType = sourcecode.c.h; name = ConversionWchar.h; path = ../ConversionWchar.h; sourceTree = "<group>"; };
		8D576317048677EA00EA77CD /* Info.plist */ = {isa = PBXFileReference; fileEncoding = 4; lastKnownFileType = text.plist.xml; path = Info.plist; sourceTree = "<group>"; };
/* End PBXFileReference section */

/* Begin PBXFrameworksBuildPhase section */
		1FB20E90213E73C700F9F73E /* Frameworks */ = {
			isa = PBXFrameworksBuildPhase;
			buildActionMask = 2147483647;
			files = (
				1FB20E91213E73C700F9F73E /* CoreMotion.framework in Frameworks */,
			);
			runOnlyForDeploymentPostprocessing = 0;
		};
		8D576313048677EA00EA77CD /* Frameworks */ = {
			isa = PBXFrameworksBuildPhase;
			buildActionMask = 2147483647;
			files = (
				1FED32171BFE22D40067695E /* CoreMotion.framework in Frameworks */,
			);
			runOnlyForDeploymentPostprocessing = 0;
		};
/* End PBXFrameworksBuildPhase section */

/* Begin PBXGroup section */
		089C166AFE841209C02AAC07 /* NativeAPI */ = {
			isa = PBXGroup;
			children = (
				1FED32161BFE22D40067695E /* CoreMotion.framework */,
				08FB77AFFE84173DC02AAC07 /* Source */,
				089C167CFE841241C02AAC07 /* Resources */,
				089C1671FE841209C02AAC07 /* External Frameworks and Libraries */,
			);
			name = NativeAPI;
			sourceTree = "<group>";
		};
		089C1671FE841209C02AAC07 /* External Frameworks and Libraries */ = {
			isa = PBXGroup;
			children = (
			);
			name = "External Frameworks and Libraries";
			sourceTree = "<group>";
		};
		089C167CFE841241C02AAC07 /* Resources */ = {
			isa = PBXGroup;
			children = (
				8D576317048677EA00EA77CD /* Info.plist */,
				8D5B49A704867FD3000E48DA /* InfoPlist.strings */,
			);
			name = Resources;
			sourceTree = "<group>";
		};
		08FB77AFFE84173DC02AAC07 /* Source */ = {
			isa = PBXGroup;
			children = (
				1FED365E1C0862920067695E /* ConversionWchar.h */,
				1FED365D1C0862920067695E /* ConversionWchar.cpp */,
				1FE2DA511BFDD771001EE409 /* AddInNative.h */,
				1FE2DA4F1BFDD76C001EE409 /* AddInNative.cpp */,
				1FE2DA4C1BFDD766001EE409 /* StepCounter.h */,
				1FE2DA4D1BFDD766001EE409 /* StepCounter.mm */,
			);
			name = Source;
			sourceTree = "<group>";
		};
/* End PBXGroup section */

/* Begin PBXNativeTarget section */
		1FB20E89213E73C700F9F73E /* NativeAPI_dynamic */ = {
			isa = PBXNativeTarget;
			buildConfigurationList = 1FB20E92213E73C700F9F73E /* Build configuration list for PBXNativeTarget "NativeAPI_dynamic" */;
			buildPhases = (
				1FB20E8A213E73C700F9F73E /* Resources */,
				1FB20E8C213E73C700F9F73E /* Sources */,
				1FB20E90213E73C700F9F73E /* Frameworks */,
			);
			buildRules = (
			);
			dependencies = (
			);
			name = NativeAPI_dynamic;
			productInstallPath = "$(HOME)/Library/Bundles";
			productName = NativeAPI;
			productReference = 1FB20E9D213E892900F9F73E /* com_1c_StepCounter_dynamic.bundle */;
			productType = "com.apple.product-type.bundle";
		};
		8D57630D048677EA00EA77CD /* NativeAPI_static */ = {
			isa = PBXNativeTarget;
			buildConfigurationList = 1DEB911A08733D790010E9CD /* Build configuration list for PBXNativeTarget "NativeAPI_static" */;
			buildPhases = (
				8D57630F048677EA00EA77CD /* Resources */,
				8D576311048677EA00EA77CD /* Sources */,
				8D576313048677EA00EA77CD /* Frameworks */,
			);
			buildRules = (
			);
			dependencies = (
			);
			name = NativeAPI_static;
			productInstallPath = "$(HOME)/Library/Bundles";
			productName = NativeAPI;
			productReference = 1FB20E9B213E892900F9F73E /* com_1c_StepCounter_static.bundle */;
			productType = "com.apple.product-type.bundle";
		};
/* End PBXNativeTarget section */

/* Begin PBXProject section */
		089C1669FE841209C02AAC07 /* Project object */ = {
			isa = PBXProject;
			attributes = {
			};
			buildConfigurationList = 1DEB911E08733D790010E9CD /* Build configuration list for PBXProject "NativeAPI" */;
			compatibilityVersion = "Xcode 3.1";
			developmentRegion = English;
			hasScannedForEncodings = 1;
			knownRegions = (
				English,
				Japanese,
				French,
				German,
			);
			mainGroup = 089C166AFE841209C02AAC07 /* NativeAPI */;
			projectDirPath = "";
			projectRoot = "";
			targets = (
				8D57630D048677EA00EA77CD /* NativeAPI_static */,
				1FB20E89213E73C700F9F73E /* NativeAPI_dynamic */,
			);
		};
/* End PBXProject section */

/* Begin PBXResourcesBuildPhase section */
		1FB20E8A213E73C700F9F73E /* Resources */ = {
			isa = PBXResourcesBuildPhase;
			buildActionMask = 2147483647;
			files = (
				1FB20E8B213E73C700F9F73E /* InfoPlist.strings in Resources */,
			);
			runOnlyForDeploymentPostprocessing = 0;
		};
		8D57630F048677EA00EA77CD /* Resources */ = {
			isa = PBXResourcesBuildPhase;
			buildActionMask = 2147483647;
			files = (
				8D5B49A804867FD3000E48DA /* InfoPlist.strings in Resources */,
			);
			runOnlyForDeploymentPostprocessing = 0;
		};
/* End PBXResourcesBuildPhase section */

/* Begin PBXSourcesBuildPhase section */
		1FB20E8C213E73C700F9F73E /* Sources */ = {
			isa = PBXSourcesBuildPhase;
			buildActionMask = 2147483647;
			files = (
				1FB20E8D213E73C700F9F73E /* StepCounter.mm in Sources */,
				1FB20E8E213E73C700F9F73E /* ConversionWchar.cpp in Sources */,
				1FB20E8F213E73C700F9F73E /* AddInNative.cpp in Sources */,
			);
			runOnlyForDeploymentPostprocessing = 0;
		};
		8D576311048677EA00EA77CD /* Sources */ = {
			isa = PBXSourcesBuildPhase;
			buildActionMask = 2147483647;
			files = (
				1FE2DA4E1BFDD766001EE409 /* StepCounter.mm in Sources */,
				1FED365F1C0862920067695E /* ConversionWchar.cpp in Sources */,
				1FE2DA501BFDD76C001EE409 /* AddInNative.cpp in Sources */,
			);
			runOnlyForDeploymentPostprocessing = 0;
		};
/* End PBXSourcesBuildPhase section */

/* Begin PBXVariantGroup section */
		8D5B49A704867FD3000E48DA /* InfoPlist.strings */ = {
			isa = PBXVariantGroup;
			children = (
				089C167EFE841241C02AAC07 /* English */,
			);
			name = InfoPlist.strings;
			sourceTree = "<group>";
		};
/* End PBXVariantGroup section */

/* Begin XCBuildConfiguration section */
		1DEB911B08733D790010E9CD /* Debug */ = {
			isa = XCBuildConfiguration;
			buildSettings = {
				ALWAYS_SEARCH_USER_PATHS = NO;
				CODE_SIGN_IDENTITY = "iPhone Developer";
				COPY_PHASE_STRIP = NO;
				ENABLE_BITCODE = NO;
				GCC_C_LANGUAGE_STANDARD = c99;
				GCC_DYNAMIC_NO_PIC = NO;
				GCC_ENABLE_FIX_AND_CONTINUE = YES;
				GCC_MODEL_TUNING = G5;
				GCC_OPTIMIZATION_LEVEL = 0;
				GCC_PREPROCESSOR_DEFINITIONS = "";
				INFOPLIST_FILE = Info.plist;
				INSTALL_PATH = "$(HOME)/Library/Bundles";
				IPHONEOS_DEPLOYMENT_TARGET = 5.1;
				MACH_O_TYPE = staticlib;
				PRODUCT_MODULE_NAME = "$(PRODUCT_NAME:c99extidentifier)";
				PRODUCT_NAME = com_1c_StepCounter_static;
				STRIP_STYLE = debugging;
				TARGETED_DEVICE_FAMILY = "1,2";
				VALID_ARCHS = "armv7 arm64";
				WRAPPER_EXTENSION = bundle;
			};
			name = Debug;
		};
		1DEB911C08733D790010E9CD /* Release */ = {
			isa = XCBuildConfiguration;
			buildSettings = {
				ALWAYS_SEARCH_USER_PATHS = NO;
				CODE_SIGN_IDENTITY = "iPhone Developer";
				DEBUG_INFORMATION_FORMAT = "dwarf-with-dsym";
				ENABLE_BITCODE = NO;
				GCC_C_LANGUAGE_STANDARD = c99;
				GCC_MODEL_TUNING = G5;
				GCC_PREPROCESSOR_DEFINITIONS = "";
				INFOPLIST_FILE = Info.plist;
				INSTALL_PATH = "$(HOME)/Library/Bundles";
				IPHONEOS_DEPLOYMENT_TARGET = 5.1;
				MACH_O_TYPE = staticlib;
				PRODUCT_MODULE_NAME = "$(PRODUCT_NAME:c99extidentifier)";
				PRODUCT_NAME = com_1c_StepCounter_static;
				STRIP_STYLE = debugging;
				TARGETED_DEVICE_FAMILY = "1,2";
				VALID_ARCHS = "armv7 arm64";
				WRAPPER_EXTENSION = bundle;
			};
			name = Release;
		};
		1DEB911F08733D790010E9CD /* Debug */ = {
			isa = XCBuildConfiguration;
			buildSettings = {
				ARCHS = "$(ARCHS_STANDARD)";
				CLANG_CXX_LANGUAGE_STANDARD = "c++14";
				CLANG_CXX_LIBRARY = "libc++";
				CODE_SIGN_IDENTITY = "iPhone Developer";
				GCC_C_LANGUAGE_STANDARD = gnu99;
				GCC_OPTIMIZATION_LEVEL = 0;
				GCC_PREPROCESSOR_DEFINITIONS = "";
				GCC_WARN_ABOUT_RETURN_TYPE = YES;
				GCC_WARN_UNUSED_VARIABLE = YES;
				MACH_O_TYPE = mh_dylib;
				ONLY_ACTIVE_ARCH = NO;
				OTHER_CPLUSPLUSFLAGS = "$(OTHER_CFLAGS)";
				PREBINDING = NO;
				SDKROOT = iphoneos;
				USER_HEADER_SEARCH_PATHS = ../../../include;
				VALID_ARCHS = "arm64 armv7";
			};
			name = Debug;
		};
		1DEB912008733D790010E9CD /* Release */ = {
			isa = XCBuildConfiguration;
			buildSettings = {
				ARCHS = "$(ARCHS_STANDARD)";
				CLANG_CXX_LANGUAGE_STANDARD = "c++14";
				CLANG_CXX_LIBRARY = "libc++";
				CODE_SIGN_IDENTITY = "iPhone Developer";
				GCC_C_LANGUAGE_STANDARD = gnu99;
				GCC_PREPROCESSOR_DEFINITIONS = "";
				GCC_WARN_ABOUT_RETURN_TYPE = YES;
				GCC_WARN_UNUSED_VARIABLE = YES;
				MACH_O_TYPE = mh_dylib;
				ONLY_ACTIVE_ARCH = NO;
				OTHER_CPLUSPLUSFLAGS = "$(OTHER_CFLAGS)";
				PREBINDING = NO;
				SDKROOT = iphoneos;
				USER_HEADER_SEARCH_PATHS = ../../../include;
				VALID_ARCHS = "arm64 armv7";
			};
			name = Release;
		};
		1FB20E93213E73C700F9F73E /* Debug */ = {
			isa = XCBuildConfiguration;
			buildSettings = {
				ALWAYS_SEARCH_USER_PATHS = NO;
				CODE_SIGN_IDENTITY = "iPhone Developer";
				COPY_PHASE_STRIP = NO;
				DEVELOPMENT_TEAM = XS78KJN5SE;
				ENABLE_BITCODE = NO;
				GCC_C_LANGUAGE_STANDARD = c99;
				GCC_DYNAMIC_NO_PIC = NO;
				GCC_ENABLE_FIX_AND_CONTINUE = YES;
				GCC_MODEL_TUNING = G5;
				GCC_OPTIMIZATION_LEVEL = 0;
				GCC_PREPROCESSOR_DEFINITIONS = BUILD_DYNAMIC_LIBRARY;
				INFOPLIST_FILE = Info.plist;
				INSTALL_PATH = "$(HOME)/Library/Bundles";
				IPHONEOS_DEPLOYMENT_TARGET = 5.1;
				MACH_O_TYPE = mh_dylib;
				PRODUCT_MODULE_NAME = "$(PRODUCT_NAME:c99extidentifier)";
				PRODUCT_NAME = com_1c_StepCounter_dynamic;
				STRIP_STYLE = debugging;
				TARGETED_DEVICE_FAMILY = "1,2";
				VALID_ARCHS = "armv7 arm64";
				WRAPPER_EXTENSION = bundle;
			};
			name = Debug;
		};
		1FB20E94213E73C700F9F73E /* Release */ = {
			isa = XCBuildConfiguration;
			buildSettings = {
				ALWAYS_SEARCH_USER_PATHS = NO;
				CODE_SIGN_IDENTITY = "iPhone Developer";
				DEBUG_INFORMATION_FORMAT = "dwarf-with-dsym";
				DEVELOPMENT_TEAM = XS78KJN5SE;
				ENABLE_BITCODE = NO;
				GCC_C_LANGUAGE_STANDARD = c99;
				GCC_MODEL_TUNING = G5;
				GCC_PREPROCESSOR_DEFINITIONS = BUILD_DYNAMIC_LIBRARY;
				INFOPLIST_FILE = Info.plist;
				INSTALL_PATH = "$(HOME)/Library/Bundles";
				IPHONEOS_DEPLOYMENT_TARGET = 5.1;
				MACH_O_TYPE = mh_dylib;
				PRODUCT_MODULE_NAME = "$(PRODUCT_NAME:c99extidentifier)";
				PRODUCT_NAME = com_1c_StepCounter_dynamic;
				STRIP_STYLE = debugging;
				TARGETED_DEVICE_FAMILY = "1,2";
				VALID_ARCHS = "armv7 arm64";
				WRAPPER_EXTENSION = bundle;
			};
			name = Release;
		};
/* End XCBuildConfiguration section */

/* Begin XCConfigurationList section */
		1DEB911A08733D790010E9CD /* Build configuration list for PBXNativeTarget "NativeAPI_static" */ = {
			isa = XCConfigurationList;
			buildConfigurations = (
				1DEB911B08733D790010E9CD /* Debug */,
				1DEB911C08733D790010E9CD /* Release */,
			);
			defaultConfigurationIsVisible = 0;
			defaultConfigurationName = Release;
		};
		1FB20E92213E73C700F9F73E /* Build configuration list for PBXNativeTarget "NativeAPI_dynamic" */ = {
			isa = XCConfigurationList;
			buildConfigurations = (
				1FB20E93213E73C700F9F73E /* Debug */,
				1FB20E94213E73C700F9F73E /* Release */,
			);
			defaultConfigurationIsVisible = 0;
			defaultConfigurationName = Release;
		};
		1DEB911E08733D790010E9CD /* Build configuration list for PBXProject "NativeAPI" */ = {
			isa = XCConfigurationList;
			buildConfigurations = (
				1DEB911F08733D790010E9CD /* Debug */,
				1DEB912008733D790010E9CD /* Release */,
			);
			defaultConfigurationIsVisible = 0;
			defaultConfigurationName = Release;
		};
/* End XCConfigurationList section */
	};
	rootObject = 089C1669FE841209C02AAC07 /* Project object */;
}
